
Microsoft Visual Studio Solution File, Format Version 12.00
# Visual Studio Version 17
VisualStudioVersion = 17.10.34825.169
MinimumVisualStudioVersion = 10.0.40219.1
Project("{9A19103F-16F7-4668-BE54-9A1E7A4F7556}") = "RSAllies.Api", "RSAllies.Api\RSAllies.Api.csproj", "{765A9BB1-0101-467E-9018-DE05BDE667F7}"
EndProject
Project("{2150E333-8FDC-42A3-9474-1A3956D46DE8}") = "User'sModule", "User'sModule", "{294C34F9-1014-4497-BDDD-0A8A75912EC6}"
EndProject
Project("{9A19103F-16F7-4668-BE54-9A1E7A4F7556}") = "RSAllies.Users", "RSAllies.Users\RSAllies.Users.csproj", "{02C33A61-9BE4-45F8-ADD9-E386C9161EC7}"
EndProject
Project("{9A19103F-16F7-4668-BE54-9A1E7A4F7556}") = "RSAllies.Shared", "RSAllies.Shared\RSAllies.Shared.csproj", "{90868E86-4BE7-45EF-9F05-195B2AAA3437}"
EndProject
Project("{2150E333-8FDC-42A3-9474-1A3956D46DE8}") = "Venue'sModule", "Venue'sModule", "{754713DC-9812-476C-B33D-0790819D714E}"
EndProject
Project("{9A19103F-16F7-4668-BE54-9A1E7A4F7556}") = "RSAllies.Venues", "RSAllies.Venues\RSAllies.Venues.csproj", "{EDF7639C-A9D1-4338-8491-A8AD43655A3E}"
EndProject
Project("{2150E333-8FDC-42A3-9474-1A3956D46DE8}") = "TestModule", "TestModule", "{712144E7-A780-44C8-B594-33FECDAEDD47}"
EndProject
Project("{9A19103F-16F7-4668-BE54-9A1E7A4F7556}") = "RSAllies.Test", "RSAllies.Test\RSAllies.Test.csproj", "{EEB46CA2-03C8-473A-AFE8-2D33BD10F99E}"
EndProject
Project("{2150E333-8FDC-42A3-9474-1A3956D46DE8}") = "MailModule", "MailModule", "{3A62C70A-2939-4697-9424-D47CE09630B4}"
EndProject
Project("{9A19103F-16F7-4668-BE54-9A1E7A4F7556}") = "RSAllies.Mail", "RSAllies.Mail\RSAllies.Mail.csproj", "{4AFB1C55-C6FE-4CDC-8478-D5E23BD85DDE}"
EndProject
Project("{2150E333-8FDC-42A3-9474-1A3956D46DE8}") = "SMSModule", "SMSModule", "{B0DE4B1A-BFFC-424D-80DF-38A39867620F}"
EndProject
Project("{9A19103F-16F7-4668-BE54-9A1E7A4F7556}") = "RSAllies.SMS", "RSAllies.SMS\RSAllies.SMS.csproj", "{EA32A190-C61F-4DDC-B7F8-5487C45F38EB}"
EndProject
Project("{2150E333-8FDC-42A3-9474-1A3956D46DE8}") = "JobsModule", "JobsModule", "{8AF171FA-0F8E-45AB-A9B1-A8B2AC41D583}"
EndProject
Project("{9A19103F-16F7-4668-BE54-9A1E7A4F7556}") = "RSAllies.Jobs", "RSAllies.Jobs\RSAllies.Jobs.csproj", "{E1851F33-42E0-4EA3-9D32-36FA94E41AD0}"
EndProject
Project("{2150E333-8FDC-42A3-9474-1A3956D46DE8}") = "AnalyticsModule", "AnalyticsModule", "{D094A815-F838-45FD-8FE0-861630C7E6BF}"
EndProject
Project("{FAE04EC0-301F-11D3-BF4B-00C04F79EFBC}") = "RSAllies.Analytics", "RSAllies.Analytics\RSAllies.Analytics.csproj", "{3017F7FE-FBA6-49D6-9646-E434AAF5B5B9}"
EndProject
Global
	GlobalSection(SolutionConfigurationPlatforms) = preSolution
		Debug|Any CPU = Debug|Any CPU
		Release|Any CPU = Release|Any CPU
	EndGlobalSection
	GlobalSection(ProjectConfigurationPlatforms) = postSolution
		{765A9BB1-0101-467E-9018-DE05BDE667F7}.Debug|Any CPU.ActiveCfg = Debug|Any CPU
		{765A9BB1-0101-467E-9018-DE05BDE667F7}.Debug|Any CPU.Build.0 = Debug|Any CPU
		{765A9BB1-0101-467E-9018-DE05BDE667F7}.Release|Any CPU.ActiveCfg = Release|Any CPU
		{765A9BB1-0101-467E-9018-DE05BDE667F7}.Release|Any CPU.Build.0 = Release|Any CPU
		{02C33A61-9BE4-45F8-ADD9-E386C9161EC7}.Debug|Any CPU.ActiveCfg = Debug|Any CPU
		{02C33A61-9BE4-45F8-ADD9-E386C9161EC7}.Debug|Any CPU.Build.0 = Debug|Any CPU
		{02C33A61-9BE4-45F8-ADD9-E386C9161EC7}.Release|Any CPU.ActiveCfg = Release|Any CPU
		{02C33A61-9BE4-45F8-ADD9-E386C9161EC7}.Release|Any CPU.Build.0 = Release|Any CPU
		{90868E86-4BE7-45EF-9F05-195B2AAA3437}.Debug|Any CPU.ActiveCfg = Debug|Any CPU
		{90868E86-4BE7-45EF-9F05-195B2AAA3437}.Debug|Any CPU.Build.0 = Debug|Any CPU
		{90868E86-4BE7-45EF-9F05-195B2AAA3437}.Release|Any CPU.ActiveCfg = Release|Any CPU
		{90868E86-4BE7-45EF-9F05-195B2AAA3437}.Release|Any CPU.Build.0 = Release|Any CPU
		{EDF7639C-A9D1-4338-8491-A8AD43655A3E}.Debug|Any CPU.ActiveCfg = Debug|Any CPU
		{EDF7639C-A9D1-4338-8491-A8AD43655A3E}.Debug|Any CPU.Build.0 = Debug|Any CPU
		{EDF7639C-A9D1-4338-8491-A8AD43655A3E}.Release|Any CPU.ActiveCfg = Release|Any CPU
		{EDF7639C-A9D1-4338-8491-A8AD43655A3E}.Release|Any CPU.Build.0 = Release|Any CPU
		{EEB46CA2-03C8-473A-AFE8-2D33BD10F99E}.Debug|Any CPU.ActiveCfg = Debug|Any CPU
		{EEB46CA2-03C8-473A-AFE8-2D33BD10F99E}.Debug|Any CPU.Build.0 = Debug|Any CPU
		{EEB46CA2-03C8-473A-AFE8-2D33BD10F99E}.Release|Any CPU.ActiveCfg = Release|Any CPU
		{EEB46CA2-03C8-473A-AFE8-2D33BD10F99E}.Release|Any CPU.Build.0 = Release|Any CPU
		{4AFB1C55-C6FE-4CDC-8478-D5E23BD85DDE}.Debug|Any CPU.ActiveCfg = Debug|Any CPU
		{4AFB1C55-C6FE-4CDC-8478-D5E23BD85DDE}.Debug|Any CPU.Build.0 = Debug|Any CPU
		{4AFB1C55-C6FE-4CDC-8478-D5E23BD85DDE}.Release|Any CPU.ActiveCfg = Release|Any CPU
		{4AFB1C55-C6FE-4CDC-8478-D5E23BD85DDE}.Release|Any CPU.Build.0 = Release|Any CPU
		{EA32A190-C61F-4DDC-B7F8-5487C45F38EB}.Debug|Any CPU.ActiveCfg = Debug|Any CPU
		{EA32A190-C61F-4DDC-B7F8-5487C45F38EB}.Debug|Any CPU.Build.0 = Debug|Any CPU
		{EA32A190-C61F-4DDC-B7F8-5487C45F38EB}.Release|Any CPU.ActiveCfg = Release|Any CPU
		{EA32A190-C61F-4DDC-B7F8-5487C45F38EB}.Release|Any CPU.Build.0 = Release|Any CPU
		{E1851F33-42E0-4EA3-9D32-36FA94E41AD0}.Debug|Any CPU.ActiveCfg = Debug|Any CPU
		{E1851F33-42E0-4EA3-9D32-36FA94E41AD0}.Debug|Any CPU.Build.0 = Debug|Any CPU
		{E1851F33-42E0-4EA3-9D32-36FA94E41AD0}.Release|Any CPU.ActiveCfg = Release|Any CPU
		{E1851F33-42E0-4EA3-9D32-36FA94E41AD0}.Release|Any CPU.Build.0 = Release|Any CPU
		{3017F7FE-FBA6-49D6-9646-E434AAF5B5B9}.Debug|Any CPU.ActiveCfg = Debug|Any CPU
		{3017F7FE-FBA6-49D6-9646-E434AAF5B5B9}.Debug|Any CPU.Build.0 = Debug|Any CPU
		{3017F7FE-FBA6-49D6-9646-E434AAF5B5B9}.Release|Any CPU.ActiveCfg = Release|Any CPU
		{3017F7FE-FBA6-49D6-9646-E434AAF5B5B9}.Release|Any CPU.Build.0 = Release|Any CPU
	EndGlobalSection
	GlobalSection(SolutionProperties) = preSolution
		HideSolutionNode = FALSE
	EndGlobalSection
	GlobalSection(NestedProjects) = preSolution
		{02C33A61-9BE4-45F8-ADD9-E386C9161EC7} = {294C34F9-1014-4497-BDDD-0A8A75912EC6}
		{EDF7639C-A9D1-4338-8491-A8AD43655A3E} = {754713DC-9812-476C-B33D-0790819D714E}
		{EEB46CA2-03C8-473A-AFE8-2D33BD10F99E} = {712144E7-A780-44C8-B594-33FECDAEDD47}
		{4AFB1C55-C6FE-4CDC-8478-D5E23BD85DDE} = {3A62C70A-2939-4697-9424-D47CE09630B4}
		{EA32A190-C61F-4DDC-B7F8-5487C45F38EB} = {B0DE4B1A-BFFC-424D-80DF-38A39867620F}
		{E1851F33-42E0-4EA3-9D32-36FA94E41AD0} = {8AF171FA-0F8E-45AB-A9B1-A8B2AC41D583}
		{3017F7FE-FBA6-49D6-9646-E434AAF5B5B9} = {D094A815-F838-45FD-8FE0-861630C7E6BF}
	EndGlobalSection
	GlobalSection(ExtensibilityGlobals) = postSolution
		SolutionGuid = {112BF0CD-7233-42EA-A776-1A2C5D3691F3}
	EndGlobalSection
EndGlobal
